
Microsoft Visual Studio Solution File, Format Version 12.00
# Visual Studio Version 17
VisualStudioVersion = 17.10.35201.131
MinimumVisualStudioVersion = 10.0.40219.1
Project("{9A19103F-16F7-4668-BE54-9A1E7A4F7556}") = "SecondarySolutionWeb", "SecondarySolutionWeb\SecondarySolutionWeb.csproj", "{008F964F-256B-482E-866B-5033DE057D64}"
EndProject
Global
	GlobalSection(SolutionConfigurationPlatforms) = preSolution
		Debug|Any CPU = Debug|Any CPU
		Release|Any CPU = Release|Any CPU
	EndGlobalSection
	GlobalSection(ProjectConfigurationPlatforms) = postSolution
		{008F964F-256B-482E-866B-5033DE057D64}.Debug|Any CPU.ActiveCfg = Debug|Any CPU
		{008F964F-256B-482E-866B-5033DE057D64}.Debug|Any CPU.Build.0 = Debug|Any CPU
		{008F964F-256B-482E-866B-5033DE057D64}.Release|Any CPU.ActiveCfg = Release|Any CPU
		{008F964F-256B-482E-866B-5033DE057D64}.Release|Any CPU.Build.0 = Release|Any CPU
	EndGlobalSection
	GlobalSection(SolutionProperties) = preSolution
		HideSolutionNode = FALSE
	EndGlobalSection
	GlobalSection(ExtensibilityGlobals) = postSolution
		SolutionGuid = {A3CAD869-97B3-4014-ACAE-73BD64B0CB4D}
	EndGlobalSection
EndGlobal
